
Microsoft Visual Studio Solution File, Format Version 12.00
# Visual Studio Version 17
VisualStudioVersion = 17.6.33723.286
MinimumVisualStudioVersion = 10.0.40219.1
Project("{FAE04EC0-301F-11D3-BF4B-00C04F79EFBC}") = "WebApplication1", "WebApplication1\WebApplication1.csproj", "{D09249C9-41D6-4C52-A2F2-AE80F82EBADB}"
EndProject
Global
	GlobalSection(SolutionConfigurationPlatforms) = preSolution
		Debug|Any CPU = Debug|Any CPU
		Release|Any CPU = Release|Any CPU
	EndGlobalSection
	GlobalSection(ProjectConfigurationPlatforms) = postSolution
		{D09249C9-41D6-4C52-A2F2-AE80F82EBADB}.Debug|Any CPU.ActiveCfg = Debug|Any CPU
		{D09249C9-41D6-4C52-A2F2-AE80F82EBADB}.Debug|Any CPU.Build.0 = Debug|Any CPU
		{D09249C9-41D6-4C52-A2F2-AE80F82EBADB}.Release|Any CPU.ActiveCfg = Release|Any CPU
		{D09249C9-41D6-4C52-A2F2-AE80F82EBADB}.Release|Any CPU.Build.0 = Release|Any CPU
	EndGlobalSection
	GlobalSection(SolutionProperties) = preSolution
		HideSolutionNode = FALSE
	EndGlobalSection
	GlobalSection(ExtensibilityGlobals) = postSolution
		SolutionGuid = {85F3391B-82C2-4538-98DC-0B0DA6DA48E7}
	EndGlobalSection
EndGlobal
